
Microsoft Visual Studio Solution File, Format Version 12.00
# Visual Studio Version 17
VisualStudioVersion = 17.9.34728.123
MinimumVisualStudioVersion = 10.0.40219.1
Project("{FAE04EC0-301F-11D3-BF4B-00C04F79EFBC}") = "WebApp", "WebApp\WebApp.csproj", "{211C37EA-F751-484A-9937-9C1BBCFCB179}"
EndProject
Global
	GlobalSection(SolutionConfigurationPlatforms) = preSolution
		Debug|Any CPU = Debug|Any CPU
		Release|Any CPU = Release|Any CPU
	EndGlobalSection
	GlobalSection(ProjectConfigurationPlatforms) = postSolution
		{211C37EA-F751-484A-9937-9C1BBCFCB179}.Debug|Any CPU.ActiveCfg = Debug|Any CPU
		{211C37EA-F751-484A-9937-9C1BBCFCB179}.Debug|Any CPU.Build.0 = Debug|Any CPU
		{211C37EA-F751-484A-9937-9C1BBCFCB179}.Release|Any CPU.ActiveCfg = Release|Any CPU
		{211C37EA-F751-484A-9937-9C1BBCFCB179}.Release|Any CPU.Build.0 = Release|Any CPU
	EndGlobalSection
	GlobalSection(SolutionProperties) = preSolution
		HideSolutionNode = FALSE
	EndGlobalSection
	GlobalSection(ExtensibilityGlobals) = postSolution
		SolutionGuid = {BA17D745-03D2-46C6-A62F-D907B68BD5E1}
	EndGlobalSection
EndGlobal
